
Microsoft Visual Studio Solution File, Format Version 12.00
# Visual Studio Version 16
VisualStudioVersion = 16.0.31727.386
MinimumVisualStudioVersion = 10.0.40219.1
Project("{FAE04EC0-301F-11D3-BF4B-00C04F79EFBC}") = "Pong.Server", "Pong.Server\Pong.Server.csproj", "{476D5BC7-5EAF-4BB7-BA29-1F4EDBE0367A}"
EndProject
Project("{FAE04EC0-301F-11D3-BF4B-00C04F79EFBC}") = "DAL", "DAL\DAL.csproj", "{1F6F3A49-D7E6-4F37-9034-C8906688C46F}"
EndProject
Project("{FAE04EC0-301F-11D3-BF4B-00C04F79EFBC}") = "Logic", "Logic\Logic.csproj", "{AEF937EC-36B7-4753-A9B8-58319E43D995}"
EndProject
Project("{FAE04EC0-301F-11D3-BF4B-00C04F79EFBC}") = "Model", "Model\Model.csproj", "{657BA6E2-DD23-4E6D-B26E-3FD9BA2B9467}"
EndProject
Global
	GlobalSection(SolutionConfigurationPlatforms) = preSolution
		Debug|Any CPU = Debug|Any CPU
		Release|Any CPU = Release|Any CPU
	EndGlobalSection
	GlobalSection(ProjectConfigurationPlatforms) = postSolution
		{476D5BC7-5EAF-4BB7-BA29-1F4EDBE0367A}.Debug|Any CPU.ActiveCfg = Debug|Any CPU
		{476D5BC7-5EAF-4BB7-BA29-1F4EDBE0367A}.Debug|Any CPU.Build.0 = Debug|Any CPU
		{476D5BC7-5EAF-4BB7-BA29-1F4EDBE0367A}.Release|Any CPU.ActiveCfg = Release|Any CPU
		{476D5BC7-5EAF-4BB7-BA29-1F4EDBE0367A}.Release|Any CPU.Build.0 = Release|Any CPU
		{1F6F3A49-D7E6-4F37-9034-C8906688C46F}.Debug|Any CPU.ActiveCfg = Debug|Any CPU
		{1F6F3A49-D7E6-4F37-9034-C8906688C46F}.Debug|Any CPU.Build.0 = Debug|Any CPU
		{1F6F3A49-D7E6-4F37-9034-C8906688C46F}.Release|Any CPU.ActiveCfg = Release|Any CPU
		{1F6F3A49-D7E6-4F37-9034-C8906688C46F}.Release|Any CPU.Build.0 = Release|Any CPU
		{AEF937EC-36B7-4753-A9B8-58319E43D995}.Debug|Any CPU.ActiveCfg = Debug|Any CPU
		{AEF937EC-36B7-4753-A9B8-58319E43D995}.Debug|Any CPU.Build.0 = Debug|Any CPU
		{AEF937EC-36B7-4753-A9B8-58319E43D995}.Release|Any CPU.ActiveCfg = Release|Any CPU
		{AEF937EC-36B7-4753-A9B8-58319E43D995}.Release|Any CPU.Build.0 = Release|Any CPU
		{657BA6E2-DD23-4E6D-B26E-3FD9BA2B9467}.Debug|Any CPU.ActiveCfg = Debug|Any CPU
		{657BA6E2-DD23-4E6D-B26E-3FD9BA2B9467}.Debug|Any CPU.Build.0 = Debug|Any CPU
		{657BA6E2-DD23-4E6D-B26E-3FD9BA2B9467}.Release|Any CPU.ActiveCfg = Release|Any CPU
		{657BA6E2-DD23-4E6D-B26E-3FD9BA2B9467}.Release|Any CPU.Build.0 = Release|Any CPU
	EndGlobalSection
	GlobalSection(SolutionProperties) = preSolution
		HideSolutionNode = FALSE
	EndGlobalSection
	GlobalSection(ExtensibilityGlobals) = postSolution
		SolutionGuid = {05A9BAAB-3C69-40D4-98A0-86EF9C406E50}
	EndGlobalSection
EndGlobal
